// !$*UTF8*$!
{
	archiveVersion = 1;
	classes = {
	};
	objectVersion = 46;
	objects = {

/* Begin PBXBuildFile section */
		600DCB8B1CBDDDF9005171AB /* InvitationViewController.m in Sources */ = {isa = PBXBuildFile; fileRef = 600DCB8A1CBDDDF9005171AB /* InvitationViewController.m */; };
		600DCB8F1CBDDFB8005171AB /* ArchivesViewController.m in Sources */ = {isa = PBXBuildFile; fileRef = 600DCB8E1CBDDFB8005171AB /* ArchivesViewController.m */; };
		600DCB931CBDDFCD005171AB /* DoctorViewController.m in Sources */ = {isa = PBXBuildFile; fileRef = 600DCB921CBDDFCD005171AB /* DoctorViewController.m */; };
		600DCB971CBDE113005171AB /* LoginViewController.m in Sources */ = {isa = PBXBuildFile; fileRef = 600DCB961CBDE113005171AB /* LoginViewController.m */; };
		600DCB9A1CBDE136005171AB /* SigninViewController.m in Sources */ = {isa = PBXBuildFile; fileRef = 600DCB991CBDE136005171AB /* SigninViewController.m */; };
		600DCB9E1CBDE6AB005171AB /* HealthCheckViewController.m in Sources */ = {isa = PBXBuildFile; fileRef = 600DCB9D1CBDE6AB005171AB /* HealthCheckViewController.m */; };
		600DCBA11CBDE6DB005171AB /* RemoteDoctorViewController.m in Sources */ = {isa = PBXBuildFile; fileRef = 600DCBA01CBDE6DB005171AB /* RemoteDoctorViewController.m */; };
		600DCBA41CBDE718005171AB /* FamousViewController.m in Sources */ = {isa = PBXBuildFile; fileRef = 600DCBA31CBDE718005171AB /* FamousViewController.m */; };
		60186A1D1CB74DCF006FADB0 /* Alert.m in Sources */ = {isa = PBXBuildFile; fileRef = 60186A1C1CB74DCF006FADB0 /* Alert.m */; };
		60283A141CBE191B00890874 /* FeedbackViewController.m in Sources */ = {isa = PBXBuildFile; fileRef = 60283A131CBE191B00890874 /* FeedbackViewController.m */; };
		60283A181CBE1A9500890874 /* OrderViewController.m in Sources */ = {isa = PBXBuildFile; fileRef = 60283A171CBE1A9500890874 /* OrderViewController.m */; };
		60283A1C1CBE209500890874 /* NewTabbarView2.m in Sources */ = {isa = PBXBuildFile; fileRef = 60283A1B1CBE209500890874 /* NewTabbarView2.m */; };
		60283A201CBE3A1800890874 /* ChangePasswordViewController.m in Sources */ = {isa = PBXBuildFile; fileRef = 60283A1F1CBE3A1800890874 /* ChangePasswordViewController.m */; };
		602C10281CB606FE009F6FE1 /* TestViewController.m in Sources */ = {isa = PBXBuildFile; fileRef = 602C10271CB606FE009F6FE1 /* TestViewController.m */; };
		6051EC801CBC8E6700FCD07C /* MainViewController.m in Sources */ = {isa = PBXBuildFile; fileRef = 6051EC7F1CBC8E6700FCD07C /* MainViewController.m */; };
		6051EC831CBC8E7400FCD07C /* PersonViewController.m in Sources */ = {isa = PBXBuildFile; fileRef = 6051EC821CBC8E7400FCD07C /* PersonViewController.m */; };
		60620DA91CB89C2D0001A52E /* UIView_extra.m in Sources */ = {isa = PBXBuildFile; fileRef = 60620DA71CB89C2D0001A52E /* UIView_extra.m */; };
		608585861CB5153F006EE82B /* main.m in Sources */ = {isa = PBXBuildFile; fileRef = 608585851CB5153F006EE82B /* main.m */; };
		608585891CB5153F006EE82B /* AppDelegate.m in Sources */ = {isa = PBXBuildFile; fileRef = 608585881CB5153F006EE82B /* AppDelegate.m */; };
		6085858C1CB5153F006EE82B /* ViewController.m in Sources */ = {isa = PBXBuildFile; fileRef = 6085858B1CB5153F006EE82B /* ViewController.m */; };
		6085858F1CB5153F006EE82B /* Main.storyboard in Resources */ = {isa = PBXBuildFile; fileRef = 6085858D1CB5153F006EE82B /* Main.storyboard */; };
		608585911CB5153F006EE82B /* Assets.xcassets in Resources */ = {isa = PBXBuildFile; fileRef = 608585901CB5153F006EE82B /* Assets.xcassets */; };
		608585941CB5153F006EE82B /* LaunchScreen.storyboard in Resources */ = {isa = PBXBuildFile; fileRef = 608585921CB5153F006EE82B /* LaunchScreen.storyboard */; };
		6085859D1CB52087006EE82B /* BaseViewController.m in Sources */ = {isa = PBXBuildFile; fileRef = 6085859C1CB52087006EE82B /* BaseViewController.m */; };
		608585A41CB52E98006EE82B /* UIButton+EnlargeArea.m in Sources */ = {isa = PBXBuildFile; fileRef = 608585A31CB52E98006EE82B /* UIButton+EnlargeArea.m */; };
		608585A71CB52EA7006EE82B /* NSString+OutNull.m in Sources */ = {isa = PBXBuildFile; fileRef = 608585A61CB52EA7006EE82B /* NSString+OutNull.m */; };
		608585AA1CB52F1A006EE82B /* YKCaresObj.m in Sources */ = {isa = PBXBuildFile; fileRef = 608585A91CB52F1A006EE82B /* YKCaresObj.m */; };
		608585AD1CB52F52006EE82B /* NSDictionary+JJson.m in Sources */ = {isa = PBXBuildFile; fileRef = 608585AC1CB52F52006EE82B /* NSDictionary+JJson.m */; };
		60AFEB701CBE52FF00B4C7C1 /* Testjosnobj.m in Sources */ = {isa = PBXBuildFile; fileRef = 60AFEB6F1CBE52FF00B4C7C1 /* Testjosnobj.m */; };
		60D54D131CBC9A980084C43F /* LeftSlideViewController.m in Sources */ = {isa = PBXBuildFile; fileRef = 60D54D121CBC9A980084C43F /* LeftSlideViewController.m */; };
		60D54D161CBCA1D80084C43F /* PersonObj.m in Sources */ = {isa = PBXBuildFile; fileRef = 60D54D151CBCA1D80084C43F /* PersonObj.m */; };
		60D54D181CBCA4010084C43F /* 健康方舟128_meitu_1.jpg in Resources */ = {isa = PBXBuildFile; fileRef = 60D54D171CBCA4010084C43F /* 健康方舟128_meitu_1.jpg */; };
		60D54D1C1CBCACFC0084C43F /* TestOneViewController.m in Sources */ = {isa = PBXBuildFile; fileRef = 60D54D1B1CBCACFC0084C43F /* TestOneViewController.m */; };
		60D54D201CBCDE0C0084C43F /* CCRadarView.m in Sources */ = {isa = PBXBuildFile; fileRef = 60D54D1F1CBCDE0C0084C43F /* CCRadarView.m */; };
		60D54D221CBCDE540084C43F /* 21-093116_953.jpg in Resources */ = {isa = PBXBuildFile; fileRef = 60D54D211CBCDE540084C43F /* 21-093116_953.jpg */; };
		60FC4CE61CB7AB3800C7FF35 /* Warning_71.654676258993px_1183460_easyicon.net.png in Resources */ = {isa = PBXBuildFile; fileRef = 60FC4CE31CB7AB3800C7FF35 /* Warning_71.654676258993px_1183460_easyicon.net.png */; };
		60FC4CE71CB7AB3800C7FF35 /* Ok_78.904109589041px_1183433_easyicon.net.png in Resources */ = {isa = PBXBuildFile; fileRef = 60FC4CE41CB7AB3800C7FF35 /* Ok_78.904109589041px_1183433_easyicon.net.png */; };
		60FC4CE81CB7AB3800C7FF35 /* Delete_72px_1183403_easyicon.net.png in Resources */ = {isa = PBXBuildFile; fileRef = 60FC4CE51CB7AB3800C7FF35 /* Delete_72px_1183403_easyicon.net.png */; };
		7AF905FE6C8D4F087A2365FF /* libPods.a in Frameworks */ = {isa = PBXBuildFile; fileRef = 11A554C470258D7D491325B7 /* libPods.a */; };
/* End PBXBuildFile section */

/* Begin PBXFileReference section */
		11A554C470258D7D491325B7 /* libPods.a */ = {isa = PBXFileReference; explicitFileType = archive.ar; includeInIndex = 0; path = libPods.a; sourceTree = BUILT_PRODUCTS_DIR; };
		57E6A78F14FEF9AB7F2CC00A /* Pods.release.xcconfig */ = {isa = PBXFileReference; includeInIndex = 1; lastKnownFileType = text.xcconfig; name = Pods.release.xcconfig; path = "Pods/Target Support Files/Pods/Pods.release.xcconfig"; sourceTree = "<group>"; };
		600DCB891CBDDDF9005171AB /* InvitationViewController.h */ = {isa = PBXFileReference; fileEncoding = 4; lastKnownFileType = sourcecode.c.h; path = InvitationViewController.h; sourceTree = "<group>"; };
		600DCB8A1CBDDDF9005171AB /* InvitationViewController.m */ = {isa = PBXFileReference; fileEncoding = 4; lastKnownFileType = sourcecode.c.objc; path = InvitationViewController.m; sourceTree = "<group>"; };
		600DCB8D1CBDDFB8005171AB /* ArchivesViewController.h */ = {isa = PBXFileReference; fileEncoding = 4; lastKnownFileType = sourcecode.c.h; path = ArchivesViewController.h; sourceTree = "<group>"; };
		600DCB8E1CBDDFB8005171AB /* ArchivesViewController.m */ = {isa = PBXFileReference; fileEncoding = 4; lastKnownFileType = sourcecode.c.objc; path = ArchivesViewController.m; sourceTree = "<group>"; };
		600DCB911CBDDFCD005171AB /* DoctorViewController.h */ = {isa = PBXFileReference; fileEncoding = 4; lastKnownFileType = sourcecode.c.h; path = DoctorViewController.h; sourceTree = "<group>"; };
		600DCB921CBDDFCD005171AB /* DoctorViewController.m */ = {isa = PBXFileReference; fileEncoding = 4; lastKnownFileType = sourcecode.c.objc; path = DoctorViewController.m; sourceTree = "<group>"; };
		600DCB951CBDE113005171AB /* LoginViewController.h */ = {isa = PBXFileReference; fileEncoding = 4; lastKnownFileType = sourcecode.c.h; path = LoginViewController.h; sourceTree = "<group>"; };
		600DCB961CBDE113005171AB /* LoginViewController.m */ = {isa = PBXFileReference; fileEncoding = 4; lastKnownFileType = sourcecode.c.objc; path = LoginViewController.m; sourceTree = "<group>"; };
		600DCB981CBDE136005171AB /* SigninViewController.h */ = {isa = PBXFileReference; fileEncoding = 4; lastKnownFileType = sourcecode.c.h; path = SigninViewController.h; sourceTree = "<group>"; };
		600DCB991CBDE136005171AB /* SigninViewController.m */ = {isa = PBXFileReference; fileEncoding = 4; lastKnownFileType = sourcecode.c.objc; path = SigninViewController.m; sourceTree = "<group>"; };
		600DCB9C1CBDE6AB005171AB /* HealthCheckViewController.h */ = {isa = PBXFileReference; fileEncoding = 4; lastKnownFileType = sourcecode.c.h; path = HealthCheckViewController.h; sourceTree = "<group>"; };
		600DCB9D1CBDE6AB005171AB /* HealthCheckViewController.m */ = {isa = PBXFileReference; fileEncoding = 4; lastKnownFileType = sourcecode.c.objc; path = HealthCheckViewController.m; sourceTree = "<group>"; };
		600DCB9F1CBDE6DB005171AB /* RemoteDoctorViewController.h */ = {isa = PBXFileReference; fileEncoding = 4; lastKnownFileType = sourcecode.c.h; path = RemoteDoctorViewController.h; sourceTree = "<group>"; };
		600DCBA01CBDE6DB005171AB /* RemoteDoctorViewController.m */ = {isa = PBXFileReference; fileEncoding = 4; lastKnownFileType = sourcecode.c.objc; path = RemoteDoctorViewController.m; sourceTree = "<group>"; };
		600DCBA21CBDE718005171AB /* FamousViewController.h */ = {isa = PBXFileReference; fileEncoding = 4; lastKnownFileType = sourcecode.c.h; path = FamousViewController.h; sourceTree = "<group>"; };
		600DCBA31CBDE718005171AB /* FamousViewController.m */ = {isa = PBXFileReference; fileEncoding = 4; lastKnownFileType = sourcecode.c.objc; path = FamousViewController.m; sourceTree = "<group>"; };
		60186A1B1CB74DCF006FADB0 /* Alert.h */ = {isa = PBXFileReference; fileEncoding = 4; lastKnownFileType = sourcecode.c.h; path = Alert.h; sourceTree = "<group>"; };
		60186A1C1CB74DCF006FADB0 /* Alert.m */ = {isa = PBXFileReference; fileEncoding = 4; lastKnownFileType = sourcecode.c.objc; path = Alert.m; sourceTree = "<group>"; };
		60283A121CBE191B00890874 /* FeedbackViewController.h */ = {isa = PBXFileReference; fileEncoding = 4; lastKnownFileType = sourcecode.c.h; path = FeedbackViewController.h; sourceTree = "<group>"; };
		60283A131CBE191B00890874 /* FeedbackViewController.m */ = {isa = PBXFileReference; fileEncoding = 4; lastKnownFileType = sourcecode.c.objc; path = FeedbackViewController.m; sourceTree = "<group>"; };
		60283A161CBE1A9500890874 /* OrderViewController.h */ = {isa = PBXFileReference; fileEncoding = 4; lastKnownFileType = sourcecode.c.h; path = OrderViewController.h; sourceTree = "<group>"; };
		60283A171CBE1A9500890874 /* OrderViewController.m */ = {isa = PBXFileReference; fileEncoding = 4; lastKnownFileType = sourcecode.c.objc; path = OrderViewController.m; sourceTree = "<group>"; };
		60283A1A1CBE209500890874 /* NewTabbarView2.h */ = {isa = PBXFileReference; fileEncoding = 4; lastKnownFileType = sourcecode.c.h; path = NewTabbarView2.h; sourceTree = "<group>"; };
		60283A1B1CBE209500890874 /* NewTabbarView2.m */ = {isa = PBXFileReference; fileEncoding = 4; lastKnownFileType = sourcecode.c.objc; path = NewTabbarView2.m; sourceTree = "<group>"; };
		60283A1E1CBE3A1800890874 /* ChangePasswordViewController.h */ = {isa = PBXFileReference; fileEncoding = 4; lastKnownFileType = sourcecode.c.h; path = ChangePasswordViewController.h; sourceTree = "<group>"; };
		60283A1F1CBE3A1800890874 /* ChangePasswordViewController.m */ = {isa = PBXFileReference; fileEncoding = 4; lastKnownFileType = sourcecode.c.objc; path = ChangePasswordViewController.m; sourceTree = "<group>"; };
		602C10261CB606FE009F6FE1 /* TestViewController.h */ = {isa = PBXFileReference; fileEncoding = 4; lastKnownFileType = sourcecode.c.h; path = TestViewController.h; sourceTree = "<group>"; };
		602C10271CB606FE009F6FE1 /* TestViewController.m */ = {isa = PBXFileReference; fileEncoding = 4; lastKnownFileType = sourcecode.c.objc; path = TestViewController.m; sourceTree = "<group>"; };
		6051EC7E1CBC8E6700FCD07C /* MainViewController.h */ = {isa = PBXFileReference; fileEncoding = 4; lastKnownFileType = sourcecode.c.h; path = MainViewController.h; sourceTree = "<group>"; };
		6051EC7F1CBC8E6700FCD07C /* MainViewController.m */ = {isa = PBXFileReference; fileEncoding = 4; lastKnownFileType = sourcecode.c.objc; path = MainViewController.m; sourceTree = "<group>"; };
		6051EC811CBC8E7400FCD07C /* PersonViewController.h */ = {isa = PBXFileReference; fileEncoding = 4; lastKnownFileType = sourcecode.c.h; path = PersonViewController.h; sourceTree = "<group>"; };
		6051EC821CBC8E7400FCD07C /* PersonViewController.m */ = {isa = PBXFileReference; fileEncoding = 4; lastKnownFileType = sourcecode.c.objc; path = PersonViewController.m; sourceTree = "<group>"; };
		60620DA61CB89C2D0001A52E /* UIView_extra.h */ = {isa = PBXFileReference; fileEncoding = 4; lastKnownFileType = sourcecode.c.h; path = UIView_extra.h; sourceTree = "<group>"; };
		60620DA71CB89C2D0001A52E /* UIView_extra.m */ = {isa = PBXFileReference; fileEncoding = 4; lastKnownFileType = sourcecode.c.objc; path = UIView_extra.m; sourceTree = "<group>"; };
		608585811CB5153F006EE82B /* YKCares.app */ = {isa = PBXFileReference; explicitFileType = wrapper.application; includeInIndex = 0; path = YKCares.app; sourceTree = BUILT_PRODUCTS_DIR; };
		608585851CB5153F006EE82B /* main.m */ = {isa = PBXFileReference; lastKnownFileType = sourcecode.c.objc; path = main.m; sourceTree = "<group>"; };
		608585871CB5153F006EE82B /* AppDelegate.h */ = {isa = PBXFileReference; lastKnownFileType = sourcecode.c.h; path = AppDelegate.h; sourceTree = "<group>"; };
		608585881CB5153F006EE82B /* AppDelegate.m */ = {isa = PBXFileReference; lastKnownFileType = sourcecode.c.objc; path = AppDelegate.m; sourceTree = "<group>"; };
		6085858A1CB5153F006EE82B /* ViewController.h */ = {isa = PBXFileReference; lastKnownFileType = sourcecode.c.h; path = ViewController.h; sourceTree = "<group>"; };
		6085858B1CB5153F006EE82B /* ViewController.m */ = {isa = PBXFileReference; lastKnownFileType = sourcecode.c.objc; path = ViewController.m; sourceTree = "<group>"; };
		6085858E1CB5153F006EE82B /* Base */ = {isa = PBXFileReference; lastKnownFileType = file.storyboard; name = Base; path = Base.lproj/Main.storyboard; sourceTree = "<group>"; };
		608585901CB5153F006EE82B /* Assets.xcassets */ = {isa = PBXFileReference; lastKnownFileType = folder.assetcatalog; path = Assets.xcassets; sourceTree = "<group>"; };
		608585931CB5153F006EE82B /* Base */ = {isa = PBXFileReference; lastKnownFileType = file.storyboard; name = Base; path = Base.lproj/LaunchScreen.storyboard; sourceTree = "<group>"; };
		608585951CB5153F006EE82B /* Info.plist */ = {isa = PBXFileReference; lastKnownFileType = text.plist.xml; path = Info.plist; sourceTree = "<group>"; };
		6085859B1CB52087006EE82B /* BaseViewController.h */ = {isa = PBXFileReference; fileEncoding = 4; lastKnownFileType = sourcecode.c.h; path = BaseViewController.h; sourceTree = "<group>"; };
		6085859C1CB52087006EE82B /* BaseViewController.m */ = {isa = PBXFileReference; fileEncoding = 4; lastKnownFileType = sourcecode.c.objc; path = BaseViewController.m; sourceTree = "<group>"; };
		6085859E1CB521A8006EE82B /* YKcaresHeader.h */ = {isa = PBXFileReference; lastKnownFileType = sourcecode.c.h; path = YKcaresHeader.h; sourceTree = "<group>"; };
		6085859F1CB52450006EE82B /* YKCaresNoViewController.h */ = {isa = PBXFileReference; lastKnownFileType = sourcecode.c.h; path = YKCaresNoViewController.h; sourceTree = "<group>"; };
		608585A21CB52E98006EE82B /* UIButton+EnlargeArea.h */ = {isa = PBXFileReference; fileEncoding = 4; lastKnownFileType = sourcecode.c.h; path = "UIButton+EnlargeArea.h"; sourceTree = "<group>"; };
		608585A31CB52E98006EE82B /* UIButton+EnlargeArea.m */ = {isa = PBXFileReference; fileEncoding = 4; lastKnownFileType = sourcecode.c.objc; path = "UIButton+EnlargeArea.m"; sourceTree = "<group>"; };
		608585A51CB52EA7006EE82B /* NSString+OutNull.h */ = {isa = PBXFileReference; fileEncoding = 4; lastKnownFileType = sourcecode.c.h; path = "NSString+OutNull.h"; sourceTree = "<group>"; };
		608585A61CB52EA7006EE82B /* NSString+OutNull.m */ = {isa = PBXFileReference; fileEncoding = 4; lastKnownFileType = sourcecode.c.objc; path = "NSString+OutNull.m"; sourceTree = "<group>"; };
		608585A81CB52F1A006EE82B /* YKCaresObj.h */ = {isa = PBXFileReference; fileEncoding = 4; lastKnownFileType = sourcecode.c.h; path = YKCaresObj.h; sourceTree = "<group>"; };
		608585A91CB52F1A006EE82B /* YKCaresObj.m */ = {isa = PBXFileReference; fileEncoding = 4; lastKnownFileType = sourcecode.c.objc; path = YKCaresObj.m; sourceTree = "<group>"; };
		608585AB1CB52F52006EE82B /* NSDictionary+JJson.h */ = {isa = PBXFileReference; fileEncoding = 4; lastKnownFileType = sourcecode.c.h; path = "NSDictionary+JJson.h"; sourceTree = "<group>"; };
		608585AC1CB52F52006EE82B /* NSDictionary+JJson.m */ = {isa = PBXFileReference; fileEncoding = 4; lastKnownFileType = sourcecode.c.objc; path = "NSDictionary+JJson.m"; sourceTree = "<group>"; };
		60AFEB6E1CBE52FF00B4C7C1 /* Testjosnobj.h */ = {isa = PBXFileReference; fileEncoding = 4; lastKnownFileType = sourcecode.c.h; path = Testjosnobj.h; sourceTree = "<group>"; };
		60AFEB6F1CBE52FF00B4C7C1 /* Testjosnobj.m */ = {isa = PBXFileReference; fileEncoding = 4; lastKnownFileType = sourcecode.c.objc; path = Testjosnobj.m; sourceTree = "<group>"; };
		60D54D111CBC9A980084C43F /* LeftSlideViewController.h */ = {isa = PBXFileReference; fileEncoding = 4; lastKnownFileType = sourcecode.c.h; path = LeftSlideViewController.h; sourceTree = "<group>"; };
		60D54D121CBC9A980084C43F /* LeftSlideViewController.m */ = {isa = PBXFileReference; fileEncoding = 4; lastKnownFileType = sourcecode.c.objc; path = LeftSlideViewController.m; sourceTree = "<group>"; };
		60D54D141CBCA1D80084C43F /* PersonObj.h */ = {isa = PBXFileReference; fileEncoding = 4; lastKnownFileType = sourcecode.c.h; path = PersonObj.h; sourceTree = "<group>"; };
		60D54D151CBCA1D80084C43F /* PersonObj.m */ = {isa = PBXFileReference; fileEncoding = 4; lastKnownFileType = sourcecode.c.objc; path = PersonObj.m; sourceTree = "<group>"; };
		60D54D171CBCA4010084C43F /* 健康方舟128_meitu_1.jpg */ = {isa = PBXFileReference; lastKnownFileType = image.jpeg; path = "健康方舟128_meitu_1.jpg"; sourceTree = "<group>"; };
		60D54D1A1CBCACFC0084C43F /* TestOneViewController.h */ = {isa = PBXFileReference; fileEncoding = 4; lastKnownFileType = sourcecode.c.h; path = TestOneViewController.h; sourceTree = "<group>"; };
		60D54D1B1CBCACFC0084C43F /* TestOneViewController.m */ = {isa = PBXFileReference; fileEncoding = 4; lastKnownFileType = sourcecode.c.objc; path = TestOneViewController.m; sourceTree = "<group>"; };
		60D54D1E1CBCDE0C0084C43F /* CCRadarView.h */ = {isa = PBXFileReference; fileEncoding = 4; lastKnownFileType = sourcecode.c.h; path = CCRadarView.h; sourceTree = "<group>"; };
		60D54D1F1CBCDE0C0084C43F /* CCRadarView.m */ = {isa = PBXFileReference; fileEncoding = 4; lastKnownFileType = sourcecode.c.objc; path = CCRadarView.m; sourceTree = "<group>"; };
		60D54D211CBCDE540084C43F /* 21-093116_953.jpg */ = {isa = PBXFileReference; lastKnownFileType = image.jpeg; path = "21-093116_953.jpg"; sourceTree = "<group>"; };
		60FC4CE31CB7AB3800C7FF35 /* Warning_71.654676258993px_1183460_easyicon.net.png */ = {isa = PBXFileReference; lastKnownFileType = image.png; path = Warning_71.654676258993px_1183460_easyicon.net.png; sourceTree = "<group>"; };
		60FC4CE41CB7AB3800C7FF35 /* Ok_78.904109589041px_1183433_easyicon.net.png */ = {isa = PBXFileReference; lastKnownFileType = image.png; path = Ok_78.904109589041px_1183433_easyicon.net.png; sourceTree = "<group>"; };
		60FC4CE51CB7AB3800C7FF35 /* Delete_72px_1183403_easyicon.net.png */ = {isa = PBXFileReference; lastKnownFileType = image.png; path = Delete_72px_1183403_easyicon.net.png; sourceTree = "<group>"; };
		6C5775175F48BBEEB3585ECE /* Pods.debug.xcconfig */ = {isa = PBXFileReference; includeInIndex = 1; lastKnownFileType = text.xcconfig; name = Pods.debug.xcconfig; path = "Pods/Target Support Files/Pods/Pods.debug.xcconfig"; sourceTree = "<group>"; };
/* End PBXFileReference section */

/* Begin PBXFrameworksBuildPhase section */
		6085857E1CB5153F006EE82B /* Frameworks */ = {
			isa = PBXFrameworksBuildPhase;
			buildActionMask = 2147483647;
			files = (
				7AF905FE6C8D4F087A2365FF /* libPods.a in Frameworks */,
			);
			runOnlyForDeploymentPostprocessing = 0;
		};
/* End PBXFrameworksBuildPhase section */

/* Begin PBXGroup section */
		600DCB881CBDDD7A005171AB /* Invitation */ = {
			isa = PBXGroup;
			children = (
				600DCB891CBDDDF9005171AB /* InvitationViewController.h */,
				600DCB8A1CBDDDF9005171AB /* InvitationViewController.m */,
			);
			name = Invitation;
			sourceTree = "<group>";
		};
		600DCB8C1CBDDFA4005171AB /* Archives */ = {
			isa = PBXGroup;
			children = (
				600DCB8D1CBDDFB8005171AB /* ArchivesViewController.h */,
				600DCB8E1CBDDFB8005171AB /* ArchivesViewController.m */,
			);
			name = Archives;
			sourceTree = "<group>";
		};
		600DCB901CBDDFBF005171AB /* Doctor */ = {
			isa = PBXGroup;
			children = (
				60283A151CBE1A8700890874 /* Order */,
				60283A111CBE18C900890874 /* Feedback */,
				600DCB911CBDDFCD005171AB /* DoctorViewController.h */,
				600DCB921CBDDFCD005171AB /* DoctorViewController.m */,
			);
			name = Doctor;
			sourceTree = "<group>";
		};
		600DCB941CBDE100005171AB /* Login */ = {
			isa = PBXGroup;
			children = (
				600DCB951CBDE113005171AB /* LoginViewController.h */,
				600DCB961CBDE113005171AB /* LoginViewController.m */,
				600DCB981CBDE136005171AB /* SigninViewController.h */,
				600DCB991CBDE136005171AB /* SigninViewController.m */,
			);
			name = Login;
			sourceTree = "<group>";
		};
		600DCB9B1CBDE5A3005171AB /* Serve */ = {
			isa = PBXGroup;
			children = (
				600DCB9C1CBDE6AB005171AB /* HealthCheckViewController.h */,
				600DCB9D1CBDE6AB005171AB /* HealthCheckViewController.m */,
				600DCB9F1CBDE6DB005171AB /* RemoteDoctorViewController.h */,
				600DCBA01CBDE6DB005171AB /* RemoteDoctorViewController.m */,
				600DCBA21CBDE718005171AB /* FamousViewController.h */,
				600DCBA31CBDE718005171AB /* FamousViewController.m */,
			);
			name = Serve;
			sourceTree = "<group>";
		};
		60186A1A1CB74DC8006FADB0 /* Alert */ = {
			isa = PBXGroup;
			children = (
				60186A1B1CB74DCF006FADB0 /* Alert.h */,
				60186A1C1CB74DCF006FADB0 /* Alert.m */,
			);
			name = Alert;
			sourceTree = "<group>";
		};
		60283A111CBE18C900890874 /* Feedback */ = {
			isa = PBXGroup;
			children = (
				60283A121CBE191B00890874 /* FeedbackViewController.h */,
				60283A131CBE191B00890874 /* FeedbackViewController.m */,
			);
			name = Feedback;
			sourceTree = "<group>";
		};
		60283A151CBE1A8700890874 /* Order */ = {
			isa = PBXGroup;
			children = (
				60283A161CBE1A9500890874 /* OrderViewController.h */,
				60283A171CBE1A9500890874 /* OrderViewController.m */,
			);
			name = Order;
			sourceTree = "<group>";
		};
		60283A191CBE208C00890874 /* CustomView */ = {
			isa = PBXGroup;
			children = (
				60283A1A1CBE209500890874 /* NewTabbarView2.h */,
				60283A1B1CBE209500890874 /* NewTabbarView2.m */,
				60AFEB6E1CBE52FF00B4C7C1 /* Testjosnobj.h */,
				60AFEB6F1CBE52FF00B4C7C1 /* Testjosnobj.m */,
			);
			name = CustomView;
			sourceTree = "<group>";
		};
		60283A1D1CBE39EC00890874 /* ChangePassword */ = {
			isa = PBXGroup;
			children = (
				60283A1E1CBE3A1800890874 /* ChangePasswordViewController.h */,
				60283A1F1CBE3A1800890874 /* ChangePasswordViewController.m */,
			);
			name = ChangePassword;
			sourceTree = "<group>";
		};
		6051EC7D1CBC8DFC00FCD07C /* Main */ = {
			isa = PBXGroup;
			children = (
				6051EC7E1CBC8E6700FCD07C /* MainViewController.h */,
				6051EC7F1CBC8E6700FCD07C /* MainViewController.m */,
			);
			name = Main;
			sourceTree = "<group>";
		};
		60620DA01CB89B950001A52E /* SideBack */ = {
			isa = PBXGroup;
			children = (
				60D54D111CBC9A980084C43F /* LeftSlideViewController.h */,
				60D54D121CBC9A980084C43F /* LeftSlideViewController.m */,
				60620DA61CB89C2D0001A52E /* UIView_extra.h */,
				60620DA71CB89C2D0001A52E /* UIView_extra.m */,
			);
			name = SideBack;
			sourceTree = "<group>";
		};
		608585781CB5153F006EE82B = {
			isa = PBXGroup;
			children = (
				608585831CB5153F006EE82B /* YKCares */,
				608585821CB5153F006EE82B /* Products */,
				DC52C9BAB9D12BD6116438C2 /* Pods */,
				69ED990DA85B7D94CCC9A5DD /* Frameworks */,
			);
			sourceTree = "<group>";
		};
		608585821CB5153F006EE82B /* Products */ = {
			isa = PBXGroup;
			children = (
				608585811CB5153F006EE82B /* YKCares.app */,
			);
			name = Products;
			sourceTree = "<group>";
		};
		608585831CB5153F006EE82B /* YKCares */ = {
			isa = PBXGroup;
			children = (
				60283A191CBE208C00890874 /* CustomView */,
				600DCB9B1CBDE5A3005171AB /* Serve */,
				600DCB941CBDE100005171AB /* Login */,
				60D54D191CBCA4060084C43F /* TestData */,
				6051EC7D1CBC8DFC00FCD07C /* Main */,
				608C566C1CBBBE1D008C4C90 /* Person */,
				60620DA01CB89B950001A52E /* SideBack */,
				60186A1A1CB74DC8006FADB0 /* Alert */,
				608585A11CB52D32006EE82B /* Util */,
				608585A01CB52B6E006EE82B /* YKCares */,
				608585871CB5153F006EE82B /* AppDelegate.h */,
				608585881CB5153F006EE82B /* AppDelegate.m */,
				6085858A1CB5153F006EE82B /* ViewController.h */,
				6085858B1CB5153F006EE82B /* ViewController.m */,
				602C10261CB606FE009F6FE1 /* TestViewController.h */,
				602C10271CB606FE009F6FE1 /* TestViewController.m */,
				60FC4CE31CB7AB3800C7FF35 /* Warning_71.654676258993px_1183460_easyicon.net.png */,
				60FC4CE41CB7AB3800C7FF35 /* Ok_78.904109589041px_1183433_easyicon.net.png */,
				60FC4CE51CB7AB3800C7FF35 /* Delete_72px_1183403_easyicon.net.png */,
				6085858D1CB5153F006EE82B /* Main.storyboard */,
				608585901CB5153F006EE82B /* Assets.xcassets */,
				608585921CB5153F006EE82B /* LaunchScreen.storyboard */,
				608585951CB5153F006EE82B /* Info.plist */,
				608585841CB5153F006EE82B /* Supporting Files */,
			);
			path = YKCares;
			sourceTree = "<group>";
		};
		608585841CB5153F006EE82B /* Supporting Files */ = {
			isa = PBXGroup;
			children = (
				608585851CB5153F006EE82B /* main.m */,
			);
			name = "Supporting Files";
			sourceTree = "<group>";
		};
		608585A01CB52B6E006EE82B /* YKCares */ = {
			isa = PBXGroup;
			children = (
				6085859B1CB52087006EE82B /* BaseViewController.h */,
				6085859C1CB52087006EE82B /* BaseViewController.m */,
				6085859E1CB521A8006EE82B /* YKcaresHeader.h */,
				6085859F1CB52450006EE82B /* YKCaresNoViewController.h */,
			);
			name = YKCares;
			sourceTree = "<group>";
		};
		608585A11CB52D32006EE82B /* Util */ = {
			isa = PBXGroup;
			children = (
				60D54D1D1CBCDE070084C43F /* 雷达 */,
				608585A21CB52E98006EE82B /* UIButton+EnlargeArea.h */,
				608585A31CB52E98006EE82B /* UIButton+EnlargeArea.m */,
				608585A51CB52EA7006EE82B /* NSString+OutNull.h */,
				608585A61CB52EA7006EE82B /* NSString+OutNull.m */,
				608585AB1CB52F52006EE82B /* NSDictionary+JJson.h */,
				608585AC1CB52F52006EE82B /* NSDictionary+JJson.m */,
				608585A81CB52F1A006EE82B /* YKCaresObj.h */,
				608585A91CB52F1A006EE82B /* YKCaresObj.m */,
			);
			name = Util;
			sourceTree = "<group>";
		};
		608C566C1CBBBE1D008C4C90 /* Person */ = {
			isa = PBXGroup;
			children = (
				60283A1D1CBE39EC00890874 /* ChangePassword */,
				600DCB901CBDDFBF005171AB /* Doctor */,
				600DCB8C1CBDDFA4005171AB /* Archives */,
				600DCB881CBDDD7A005171AB /* Invitation */,
				6051EC811CBC8E7400FCD07C /* PersonViewController.h */,
				6051EC821CBC8E7400FCD07C /* PersonViewController.m */,
				60D54D141CBCA1D80084C43F /* PersonObj.h */,
				60D54D151CBCA1D80084C43F /* PersonObj.m */,
			);
			name = Person;
			sourceTree = "<group>";
		};
		60D54D191CBCA4060084C43F /* TestData */ = {
			isa = PBXGroup;
			children = (
				60D54D171CBCA4010084C43F /* 健康方舟128_meitu_1.jpg */,
				60D54D211CBCDE540084C43F /* 21-093116_953.jpg */,
				60D54D1A1CBCACFC0084C43F /* TestOneViewController.h */,
				60D54D1B1CBCACFC0084C43F /* TestOneViewController.m */,
			);
			name = TestData;
			sourceTree = "<group>";
		};
		60D54D1D1CBCDE070084C43F /* 雷达 */ = {
			isa = PBXGroup;
			children = (
				60D54D1E1CBCDE0C0084C43F /* CCRadarView.h */,
				60D54D1F1CBCDE0C0084C43F /* CCRadarView.m */,
			);
			name = "雷达";
			sourceTree = "<group>";
		};
		69ED990DA85B7D94CCC9A5DD /* Frameworks */ = {
			isa = PBXGroup;
			children = (
				11A554C470258D7D491325B7 /* libPods.a */,
			);
			name = Frameworks;
			sourceTree = "<group>";
		};
		DC52C9BAB9D12BD6116438C2 /* Pods */ = {
			isa = PBXGroup;
			children = (
				6C5775175F48BBEEB3585ECE /* Pods.debug.xcconfig */,
				57E6A78F14FEF9AB7F2CC00A /* Pods.release.xcconfig */,
			);
			name = Pods;
			sourceTree = "<group>";
		};
/* End PBXGroup section */

/* Begin PBXNativeTarget section */
		608585801CB5153F006EE82B /* YKCares */ = {
			isa = PBXNativeTarget;
			buildConfigurationList = 608585981CB5153F006EE82B /* Build configuration list for PBXNativeTarget "YKCares" */;
			buildPhases = (
				BA28039A301FFA0827AACE52 /* Check Pods Manifest.lock */,
				6085857D1CB5153F006EE82B /* Sources */,
				6085857E1CB5153F006EE82B /* Frameworks */,
				6085857F1CB5153F006EE82B /* Resources */,
				3E8C776BA5E01141C02E5FF0 /* Embed Pods Frameworks */,
				75CFEAB461DF5E50D041C808 /* Copy Pods Resources */,
			);
			buildRules = (
			);
			dependencies = (
			);
			name = YKCares;
			productName = YKCares;
			productReference = 608585811CB5153F006EE82B /* YKCares.app */;
			productType = "com.apple.product-type.application";
		};
/* End PBXNativeTarget section */

/* Begin PBXProject section */
		608585791CB5153F006EE82B /* Project object */ = {
			isa = PBXProject;
			attributes = {
				LastUpgradeCheck = 0730;
				ORGANIZATIONNAME = Gencare_Jia;
				TargetAttributes = {
					608585801CB5153F006EE82B = {
						CreatedOnToolsVersion = 7.3;
					};
				};
			};
			buildConfigurationList = 6085857C1CB5153F006EE82B /* Build configuration list for PBXProject "YKCares" */;
			compatibilityVersion = "Xcode 3.2";
			developmentRegion = English;
			hasScannedForEncodings = 0;
			knownRegions = (
				en,
				Base,
			);
			mainGroup = 608585781CB5153F006EE82B;
			productRefGroup = 608585821CB5153F006EE82B /* Products */;
			projectDirPath = "";
			projectRoot = "";
			targets = (
				608585801CB5153F006EE82B /* YKCares */,
			);
		};
/* End PBXProject section */

/* Begin PBXResourcesBuildPhase section */
		6085857F1CB5153F006EE82B /* Resources */ = {
			isa = PBXResourcesBuildPhase;
			buildActionMask = 2147483647;
			files = (
				608585941CB5153F006EE82B /* LaunchScreen.storyboard in Resources */,
				608585911CB5153F006EE82B /* Assets.xcassets in Resources */,
				6085858F1CB5153F006EE82B /* Main.storyboard in Resources */,
				60D54D181CBCA4010084C43F /* 健康方舟128_meitu_1.jpg in Resources */,
				60D54D221CBCDE540084C43F /* 21-093116_953.jpg in Resources */,
				60FC4CE61CB7AB3800C7FF35 /* Warning_71.654676258993px_1183460_easyicon.net.png in Resources */,
				60FC4CE81CB7AB3800C7FF35 /* Delete_72px_1183403_easyicon.net.png in Resources */,
				60FC4CE71CB7AB3800C7FF35 /* Ok_78.904109589041px_1183433_easyicon.net.png in Resources */,
			);
			runOnlyForDeploymentPostprocessing = 0;
		};
/* End PBXResourcesBuildPhase section */

/* Begin PBXShellScriptBuildPhase section */
		3E8C776BA5E01141C02E5FF0 /* Embed Pods Frameworks */ = {
			isa = PBXShellScriptBuildPhase;
			buildActionMask = 2147483647;
			files = (
			);
			inputPaths = (
			);
			name = "Embed Pods Frameworks";
			outputPaths = (
			);
			runOnlyForDeploymentPostprocessing = 0;
			shellPath = /bin/sh;
			shellScript = "\"${SRCROOT}/Pods/Target Support Files/Pods/Pods-frameworks.sh\"\n";
			showEnvVarsInLog = 0;
		};
		75CFEAB461DF5E50D041C808 /* Copy Pods Resources */ = {
			isa = PBXShellScriptBuildPhase;
			buildActionMask = 2147483647;
			files = (
			);
			inputPaths = (
			);
			name = "Copy Pods Resources";
			outputPaths = (
			);
			runOnlyForDeploymentPostprocessing = 0;
			shellPath = /bin/sh;
			shellScript = "\"${SRCROOT}/Pods/Target Support Files/Pods/Pods-resources.sh\"\n";
			showEnvVarsInLog = 0;
		};
		BA28039A301FFA0827AACE52 /* Check Pods Manifest.lock */ = {
			isa = PBXShellScriptBuildPhase;
			buildActionMask = 2147483647;
			files = (
			);
			inputPaths = (
			);
			name = "Check Pods Manifest.lock";
			outputPaths = (
			);
			runOnlyForDeploymentPostprocessing = 0;
			shellPath = /bin/sh;
			shellScript = "diff \"${PODS_ROOT}/../Podfile.lock\" \"${PODS_ROOT}/Manifest.lock\" > /dev/null\nif [[ $? != 0 ]] ; then\n    cat << EOM\nerror: The sandbox is not in sync with the Podfile.lock. Run 'pod install' or update your CocoaPods installation.\nEOM\n    exit 1\nfi\n";
			showEnvVarsInLog = 0;
		};
/* End PBXShellScriptBuildPhase section */

/* Begin PBXSourcesBuildPhase section */
		6085857D1CB5153F006EE82B /* Sources */ = {
			isa = PBXSourcesBuildPhase;
			buildActionMask = 2147483647;
			files = (
				600DCB9E1CBDE6AB005171AB /* HealthCheckViewController.m in Sources */,
				6085858C1CB5153F006EE82B /* ViewController.m in Sources */,
				60D54D131CBC9A980084C43F /* LeftSlideViewController.m in Sources */,
				600DCBA41CBDE718005171AB /* FamousViewController.m in Sources */,
				608585AA1CB52F1A006EE82B /* YKCaresObj.m in Sources */,
				60D54D1C1CBCACFC0084C43F /* TestOneViewController.m in Sources */,
				6085859D1CB52087006EE82B /* BaseViewController.m in Sources */,
				608585891CB5153F006EE82B /* AppDelegate.m in Sources */,
				608585A71CB52EA7006EE82B /* NSString+OutNull.m in Sources */,
				6051EC831CBC8E7400FCD07C /* PersonViewController.m in Sources */,
				608585AD1CB52F52006EE82B /* NSDictionary+JJson.m in Sources */,
				60283A141CBE191B00890874 /* FeedbackViewController.m in Sources */,
				60D54D201CBCDE0C0084C43F /* CCRadarView.m in Sources */,
				600DCB9A1CBDE136005171AB /* SigninViewController.m in Sources */,
				60186A1D1CB74DCF006FADB0 /* Alert.m in Sources */,
				600DCBA11CBDE6DB005171AB /* RemoteDoctorViewController.m in Sources */,
				600DCB971CBDE113005171AB /* LoginViewController.m in Sources */,
				600DCB931CBDDFCD005171AB /* DoctorViewController.m in Sources */,
				602C10281CB606FE009F6FE1 /* TestViewController.m in Sources */,
				60283A201CBE3A1800890874 /* ChangePasswordViewController.m in Sources */,
				600DCB8F1CBDDFB8005171AB /* ArchivesViewController.m in Sources */,
				60620DA91CB89C2D0001A52E /* UIView_extra.m in Sources */,
				60D54D161CBCA1D80084C43F /* PersonObj.m in Sources */,
				60283A1C1CBE209500890874 /* NewTabbarView2.m in Sources */,
				60283A181CBE1A9500890874 /* OrderViewController.m in Sources */,
				60AFEB701CBE52FF00B4C7C1 /* Testjosnobj.m in Sources */,
				608585A41CB52E98006EE82B /* UIButton+EnlargeArea.m in Sources */,
				600DCB8B1CBDDDF9005171AB /* InvitationViewController.m in Sources */,
				6051EC801CBC8E6700FCD07C /* MainViewController.m in Sources */,
				608585861CB5153F006EE82B /* main.m in Sources */,
			);
			runOnlyForDeploymentPostprocessing = 0;
		};
/* End PBXSourcesBuildPhase section */

/* Begin PBXVariantGroup section */
		6085858D1CB5153F006EE82B /* Main.storyboard */ = {
			isa = PBXVariantGroup;
			children = (
				6085858E1CB5153F006EE82B /* Base */,
			);
			name = Main.storyboard;
			sourceTree = "<group>";
		};
		608585921CB5153F006EE82B /* LaunchScreen.storyboard */ = {
			isa = PBXVariantGroup;
			children = (
				608585931CB5153F006EE82B /* Base */,
			);
			name = LaunchScreen.storyboard;
			sourceTree = "<group>";
		};
/* End PBXVariantGroup section */

/* Begin XCBuildConfiguration section */
		608585961CB5153F006EE82B /* Debug */ = {
			isa = XCBuildConfiguration;
			buildSettings = {
				ALWAYS_SEARCH_USER_PATHS = NO;
				CLANG_ANALYZER_NONNULL = YES;
				CLANG_CXX_LANGUAGE_STANDARD = "gnu++0x";
				CLANG_CXX_LIBRARY = "libc++";
				CLANG_ENABLE_MODULES = YES;
				CLANG_ENABLE_OBJC_ARC = YES;
				CLANG_WARN_BOOL_CONVERSION = YES;
				CLANG_WARN_CONSTANT_CONVERSION = YES;
				CLANG_WARN_DIRECT_OBJC_ISA_USAGE = YES_ERROR;
				CLANG_WARN_EMPTY_BODY = YES;
				CLANG_WARN_ENUM_CONVERSION = YES;
				CLANG_WARN_INT_CONVERSION = YES;
				CLANG_WARN_OBJC_ROOT_CLASS = YES_ERROR;
				CLANG_WARN_UNREACHABLE_CODE = YES;
				CLANG_WARN__DUPLICATE_METHOD_MATCH = YES;
				"CODE_SIGN_IDENTITY[sdk=iphoneos*]" = "iPhone Developer";
				COPY_PHASE_STRIP = NO;
				DEBUG_INFORMATION_FORMAT = dwarf;
				ENABLE_STRICT_OBJC_MSGSEND = YES;
				ENABLE_TESTABILITY = YES;
				GCC_C_LANGUAGE_STANDARD = gnu99;
				GCC_DYNAMIC_NO_PIC = NO;
				GCC_NO_COMMON_BLOCKS = YES;
				GCC_OPTIMIZATION_LEVEL = 0;
				GCC_PREPROCESSOR_DEFINITIONS = (
					"DEBUG=1",
					"$(inherited)",
				);
				GCC_WARN_64_TO_32_BIT_CONVERSION = YES;
				GCC_WARN_ABOUT_RETURN_TYPE = YES_ERROR;
				GCC_WARN_UNDECLARED_SELECTOR = YES;
				GCC_WARN_UNINITIALIZED_AUTOS = YES_AGGRESSIVE;
				GCC_WARN_UNUSED_FUNCTION = YES;
				GCC_WARN_UNUSED_VARIABLE = YES;
				IPHONEOS_DEPLOYMENT_TARGET = 8.0;
				MTL_ENABLE_DEBUG_INFO = YES;
				ONLY_ACTIVE_ARCH = YES;
				SDKROOT = iphoneos;
			};
			name = Debug;
		};
		608585971CB5153F006EE82B /* Release */ = {
			isa = XCBuildConfiguration;
			buildSettings = {
				ALWAYS_SEARCH_USER_PATHS = NO;
				CLANG_ANALYZER_NONNULL = YES;
				CLANG_CXX_LANGUAGE_STANDARD = "gnu++0x";
				CLANG_CXX_LIBRARY = "libc++";
				CLANG_ENABLE_MODULES = YES;
				CLANG_ENABLE_OBJC_ARC = YES;
				CLANG_WARN_BOOL_CONVERSION = YES;
				CLANG_WARN_CONSTANT_CONVERSION = YES;
				CLANG_WARN_DIRECT_OBJC_ISA_USAGE = YES_ERROR;
				CLANG_WARN_EMPTY_BODY = YES;
				CLANG_WARN_ENUM_CONVERSION = YES;
				CLANG_WARN_INT_CONVERSION = YES;
				CLANG_WARN_OBJC_ROOT_CLASS = YES_ERROR;
				CLANG_WARN_UNREACHABLE_CODE = YES;
				CLANG_WARN__DUPLICATE_METHOD_MATCH = YES;
				"CODE_SIGN_IDENTITY[sdk=iphoneos*]" = "iPhone Developer";
				COPY_PHASE_STRIP = NO;
				DEBUG_INFORMATION_FORMAT = "dwarf-with-dsym";
				ENABLE_NS_ASSERTIONS = NO;
				ENABLE_STRICT_OBJC_MSGSEND = YES;
				GCC_C_LANGUAGE_STANDARD = gnu99;
				GCC_NO_COMMON_BLOCKS = YES;
				GCC_WARN_64_TO_32_BIT_CONVERSION = YES;
				GCC_WARN_ABOUT_RETURN_TYPE = YES_ERROR;
				GCC_WARN_UNDECLARED_SELECTOR = YES;
				GCC_WARN_UNINITIALIZED_AUTOS = YES_AGGRESSIVE;
				GCC_WARN_UNUSED_FUNCTION = YES;
				GCC_WARN_UNUSED_VARIABLE = YES;
				IPHONEOS_DEPLOYMENT_TARGET = 8.0;
				MTL_ENABLE_DEBUG_INFO = NO;
				SDKROOT = iphoneos;
				VALIDATE_PRODUCT = YES;
			};
			name = Release;
		};
		608585991CB5153F006EE82B /* Debug */ = {
			isa = XCBuildConfiguration;
			baseConfigurationReference = 6C5775175F48BBEEB3585ECE /* Pods.debug.xcconfig */;
			buildSettings = {
				ASSETCATALOG_COMPILER_APPICON_NAME = AppIcon;
				INFOPLIST_FILE = YKCares/Info.plist;
				IPHONEOS_DEPLOYMENT_TARGET = 8.0;
				LD_RUNPATH_SEARCH_PATHS = "$(inherited) @executable_path/Frameworks";
				PRODUCT_BUNDLE_IDENTIFIER = com.gencare.YKCares;
				PRODUCT_NAME = "$(TARGET_NAME)";
			};
			name = Debug;
		};
		6085859A1CB5153F006EE82B /* Release */ = {
			isa = XCBuildConfiguration;
			baseConfigurationReference = 57E6A78F14FEF9AB7F2CC00A /* Pods.release.xcconfig */;
			buildSettings = {
				ASSETCATALOG_COMPILER_APPICON_NAME = AppIcon;
				INFOPLIST_FILE = YKCares/Info.plist;
				IPHONEOS_DEPLOYMENT_TARGET = 8.0;
				LD_RUNPATH_SEARCH_PATHS = "$(inherited) @executable_path/Frameworks";
				PRODUCT_BUNDLE_IDENTIFIER = com.gencare.YKCares;
				PRODUCT_NAME = "$(TARGET_NAME)";
			};
			name = Release;
		};
/* End XCBuildConfiguration section */

/* Begin XCConfigurationList section */
		6085857C1CB5153F006EE82B /* Build configuration list for PBXProject "YKCares" */ = {
			isa = XCConfigurationList;
			buildConfigurations = (
				608585961CB5153F006EE82B /* Debug */,
				608585971CB5153F006EE82B /* Release */,
			);
			defaultConfigurationIsVisible = 0;
			defaultConfigurationName = Release;
		};
		608585981CB5153F006EE82B /* Build configuration list for PBXNativeTarget "YKCares" */ = {
			isa = XCConfigurationList;
			buildConfigurations = (
				608585991CB5153F006EE82B /* Debug */,
				6085859A1CB5153F006EE82B /* Release */,
			);
			defaultConfigurationIsVisible = 0;
			defaultConfigurationName = Release;
		};
/* End XCConfigurationList section */
	};
	rootObject = 608585791CB5153F006EE82B /* Project object */;
}
